// !$*UTF8*$!
{
	archiveVersion = 1;
	classes = {
	};
	objectVersion = 55;
	objects = {

/* Begin PBXBuildFile section */
		0F08A52F27812B270078A87A /* Pacifico-Regular.ttf in Resources */ = {isa = PBXBuildFile; fileRef = 0F08A52E27812B270078A87A /* Pacifico-Regular.ttf */; };
		0F08A53727812D680078A87A /* FontManager.swift in Sources */ = {isa = PBXBuildFile; fileRef = 0F08A53627812D680078A87A /* FontManager.swift */; };
		0F08A53927812F970078A87A /* OFL.txt in Resources */ = {isa = PBXBuildFile; fileRef = 0F08A53827812F970078A87A /* OFL.txt */; };
		0F0F43272783A59300E46036 /* FavoritesView.swift in Sources */ = {isa = PBXBuildFile; fileRef = 0F0F43262783A59300E46036 /* FavoritesView.swift */; };
		0F0F43292783A5D700E46036 /* CategoriesView.swift in Sources */ = {isa = PBXBuildFile; fileRef = 0F0F43282783A5D700E46036 /* CategoriesView.swift */; };
		0F0F432B2783A73F00E46036 /* TabBar.swift in Sources */ = {isa = PBXBuildFile; fileRef = 0F0F432A2783A73F00E46036 /* TabBar.swift */; };
		0F0F432D2783AAA900E46036 /* MainView.swift in Sources */ = {isa = PBXBuildFile; fileRef = 0F0F432C2783AAA900E46036 /* MainView.swift */; };
		0F0F432F2783B0FB00E46036 /* HomeViewModel.swift in Sources */ = {isa = PBXBuildFile; fileRef = 0F0F432E2783B0FB00E46036 /* HomeViewModel.swift */; };
		0F0F43312783B35600E46036 /* RecipeCard.swift in Sources */ = {isa = PBXBuildFile; fileRef = 0F0F43302783B35600E46036 /* RecipeCard.swift */; };
		0F0F43332783B9AE00E46036 /* RecipeList.swift in Sources */ = {isa = PBXBuildFile; fileRef = 0F0F43322783B9AE00E46036 /* RecipeList.swift */; };
		0F810368277F8737000558FA /* spoonacular-Info.plist in Resources */ = {isa = PBXBuildFile; fileRef = 0F810367277F8737000558FA /* spoonacular-Info.plist */; };
		0F81036D277F9D74000558FA /* RecipeRepository.swift in Sources */ = {isa = PBXBuildFile; fileRef = 0F81036C277F9D74000558FA /* RecipeRepository.swift */; };
		0F81036F277FAC60000558FA /* RecipeServiceResult.swift in Sources */ = {isa = PBXBuildFile; fileRef = 0F81036E277FAC60000558FA /* RecipeServiceResult.swift */; };
		0FC9C56427824053001EA23E /* RecipeDetailButtonView.swift in Sources */ = {isa = PBXBuildFile; fileRef = 0FC9C56327824053001EA23E /* RecipeDetailButtonView.swift */; };
		0FC9C566278243A1001EA23E /* RecipeDetailView.swift in Sources */ = {isa = PBXBuildFile; fileRef = 0FC9C565278243A1001EA23E /* RecipeDetailView.swift */; };
		0FC9C56A27824C2D001EA23E /* RecipeDetailViewModel.swift in Sources */ = {isa = PBXBuildFile; fileRef = 0FC9C56927824C2D001EA23E /* RecipeDetailViewModel.swift */; };
		0FC9C57027825594001EA23E /* Utility.swift in Sources */ = {isa = PBXBuildFile; fileRef = 0FC9C56F27825594001EA23E /* Utility.swift */; };
		0FE684EE277A844300E6B83F /* FoodApp.swift in Sources */ = {isa = PBXBuildFile; fileRef = 0FE684ED277A844300E6B83F /* FoodApp.swift */; };
		0FE684F0277A844300E6B83F /* HomeView.swift in Sources */ = {isa = PBXBuildFile; fileRef = 0FE684EF277A844300E6B83F /* HomeView.swift */; };
		0FE684F2277A844400E6B83F /* Assets.xcassets in Resources */ = {isa = PBXBuildFile; fileRef = 0FE684F1277A844400E6B83F /* Assets.xcassets */; };
		0FE684F5277A844400E6B83F /* Preview Assets.xcassets in Resources */ = {isa = PBXBuildFile; fileRef = 0FE684F4277A844400E6B83F /* Preview Assets.xcassets */; };
		0FE684FF277A844400E6B83F /* FoodTests.swift in Sources */ = {isa = PBXBuildFile; fileRef = 0FE684FE277A844400E6B83F /* FoodTests.swift */; };
		0FE68509277A844400E6B83F /* FoodUITests.swift in Sources */ = {isa = PBXBuildFile; fileRef = 0FE68508277A844400E6B83F /* FoodUITests.swift */; };
		0FE6850B277A844400E6B83F /* FoodUITestsLaunchTests.swift in Sources */ = {isa = PBXBuildFile; fileRef = 0FE6850A277A844400E6B83F /* FoodUITestsLaunchTests.swift */; };
		0FE7B115277F413200BA7236 /* RecipeViewModel.swift in Sources */ = {isa = PBXBuildFile; fileRef = 0FE7B114277F413200BA7236 /* RecipeViewModel.swift */; };
		0FE7B11D277F42D700BA7236 /* RecipeApiServiceImpl.swift in Sources */ = {isa = PBXBuildFile; fileRef = 0FE7B11C277F42D700BA7236 /* RecipeApiServiceImpl.swift */; };
		0FE7B120277F443400BA7236 /* APIConstants.swift in Sources */ = {isa = PBXBuildFile; fileRef = 0FE7B11F277F443400BA7236 /* APIConstants.swift */; };
/* End PBXBuildFile section */

/* Begin PBXContainerItemProxy section */
		0FE684FB277A844400E6B83F /* PBXContainerItemProxy */ = {
			isa = PBXContainerItemProxy;
			containerPortal = 0FE684E2277A844300E6B83F /* Project object */;
			proxyType = 1;
			remoteGlobalIDString = 0FE684E9277A844300E6B83F;
			remoteInfo = Food;
		};
		0FE68505277A844400E6B83F /* PBXContainerItemProxy */ = {
			isa = PBXContainerItemProxy;
			containerPortal = 0FE684E2277A844300E6B83F /* Project object */;
			proxyType = 1;
			remoteGlobalIDString = 0FE684E9277A844300E6B83F;
			remoteInfo = Food;
		};
/* End PBXContainerItemProxy section */

/* Begin PBXFileReference section */
		0F08A52E27812B270078A87A /* Pacifico-Regular.ttf */ = {isa = PBXFileReference; lastKnownFileType = file; name = "Pacifico-Regular.ttf"; path = "../../../../../../../Downloads/Pacifico/Pacifico-Regular.ttf"; sourceTree = "<group>"; };
		0F08A53627812D680078A87A /* FontManager.swift */ = {isa = PBXFileReference; lastKnownFileType = sourcecode.swift; path = FontManager.swift; sourceTree = "<group>"; };
		0F08A53827812F970078A87A /* OFL.txt */ = {isa = PBXFileReference; fileEncoding = 4; lastKnownFileType = text; name = OFL.txt; path = ../../../../../../../Downloads/Pacifico/OFL.txt; sourceTree = "<group>"; };
		0F0F43262783A59300E46036 /* FavoritesView.swift */ = {isa = PBXFileReference; lastKnownFileType = sourcecode.swift; path = FavoritesView.swift; sourceTree = "<group>"; };
		0F0F43282783A5D700E46036 /* CategoriesView.swift */ = {isa = PBXFileReference; lastKnownFileType = sourcecode.swift; path = CategoriesView.swift; sourceTree = "<group>"; };
		0F0F432A2783A73F00E46036 /* TabBar.swift */ = {isa = PBXFileReference; lastKnownFileType = sourcecode.swift; path = TabBar.swift; sourceTree = "<group>"; };
		0F0F432C2783AAA900E46036 /* MainView.swift */ = {isa = PBXFileReference; lastKnownFileType = sourcecode.swift; path = MainView.swift; sourceTree = "<group>"; };
		0F0F432E2783B0FB00E46036 /* HomeViewModel.swift */ = {isa = PBXFileReference; lastKnownFileType = sourcecode.swift; path = HomeViewModel.swift; sourceTree = "<group>"; };
		0F0F43302783B35600E46036 /* RecipeCard.swift */ = {isa = PBXFileReference; lastKnownFileType = sourcecode.swift; path = RecipeCard.swift; sourceTree = "<group>"; };
		0F0F43322783B9AE00E46036 /* RecipeList.swift */ = {isa = PBXFileReference; lastKnownFileType = sourcecode.swift; path = RecipeList.swift; sourceTree = "<group>"; };
		0F810367277F8737000558FA /* spoonacular-Info.plist */ = {isa = PBXFileReference; lastKnownFileType = text.plist.xml; path = "spoonacular-Info.plist"; sourceTree = "<group>"; };
		0F81036C277F9D74000558FA /* RecipeRepository.swift */ = {isa = PBXFileReference; lastKnownFileType = sourcecode.swift; path = RecipeRepository.swift; sourceTree = "<group>"; };
		0F81036E277FAC60000558FA /* RecipeServiceResult.swift */ = {isa = PBXFileReference; lastKnownFileType = sourcecode.swift; path = RecipeServiceResult.swift; sourceTree = "<group>"; };
		0FC9C56327824053001EA23E /* RecipeDetailButtonView.swift */ = {isa = PBXFileReference; lastKnownFileType = sourcecode.swift; path = RecipeDetailButtonView.swift; sourceTree = "<group>"; };
		0FC9C565278243A1001EA23E /* RecipeDetailView.swift */ = {isa = PBXFileReference; lastKnownFileType = sourcecode.swift; path = RecipeDetailView.swift; sourceTree = "<group>"; };
		0FC9C56927824C2D001EA23E /* RecipeDetailViewModel.swift */ = {isa = PBXFileReference; lastKnownFileType = sourcecode.swift; path = RecipeDetailViewModel.swift; sourceTree = "<group>"; };
		0FC9C56F27825594001EA23E /* Utility.swift */ = {isa = PBXFileReference; lastKnownFileType = sourcecode.swift; path = Utility.swift; sourceTree = "<group>"; };
		0FE684EA277A844300E6B83F /* Food.app */ = {isa = PBXFileReference; explicitFileType = wrapper.application; includeInIndex = 0; path = Food.app; sourceTree = BUILT_PRODUCTS_DIR; };
		0FE684ED277A844300E6B83F /* FoodApp.swift */ = {isa = PBXFileReference; lastKnownFileType = sourcecode.swift; path = FoodApp.swift; sourceTree = "<group>"; };
		0FE684EF277A844300E6B83F /* HomeView.swift */ = {isa = PBXFileReference; lastKnownFileType = sourcecode.swift; path = HomeView.swift; sourceTree = "<group>"; };
		0FE684F1277A844400E6B83F /* Assets.xcassets */ = {isa = PBXFileReference; lastKnownFileType = folder.assetcatalog; path = Assets.xcassets; sourceTree = "<group>"; };
		0FE684F4277A844400E6B83F /* Preview Assets.xcassets */ = {isa = PBXFileReference; lastKnownFileType = folder.assetcatalog; path = "Preview Assets.xcassets"; sourceTree = "<group>"; };
		0FE684FA277A844400E6B83F /* FoodTests.xctest */ = {isa = PBXFileReference; explicitFileType = wrapper.cfbundle; includeInIndex = 0; path = FoodTests.xctest; sourceTree = BUILT_PRODUCTS_DIR; };
		0FE684FE277A844400E6B83F /* FoodTests.swift */ = {isa = PBXFileReference; lastKnownFileType = sourcecode.swift; path = FoodTests.swift; sourceTree = "<group>"; };
		0FE68504277A844400E6B83F /* FoodUITests.xctest */ = {isa = PBXFileReference; explicitFileType = wrapper.cfbundle; includeInIndex = 0; path = FoodUITests.xctest; sourceTree = BUILT_PRODUCTS_DIR; };
		0FE68508277A844400E6B83F /* FoodUITests.swift */ = {isa = PBXFileReference; lastKnownFileType = sourcecode.swift; path = FoodUITests.swift; sourceTree = "<group>"; };
		0FE6850A277A844400E6B83F /* FoodUITestsLaunchTests.swift */ = {isa = PBXFileReference; lastKnownFileType = sourcecode.swift; path = FoodUITestsLaunchTests.swift; sourceTree = "<group>"; };
		0FE7B114277F413200BA7236 /* RecipeViewModel.swift */ = {isa = PBXFileReference; lastKnownFileType = sourcecode.swift; path = RecipeViewModel.swift; sourceTree = "<group>"; };
		0FE7B11C277F42D700BA7236 /* RecipeApiServiceImpl.swift */ = {isa = PBXFileReference; lastKnownFileType = sourcecode.swift; path = RecipeApiServiceImpl.swift; sourceTree = "<group>"; };
		0FE7B11F277F443400BA7236 /* APIConstants.swift */ = {isa = PBXFileReference; lastKnownFileType = sourcecode.swift; path = APIConstants.swift; sourceTree = "<group>"; };
/* End PBXFileReference section */

/* Begin PBXFrameworksBuildPhase section */
		0FE684E7277A844300E6B83F /* Frameworks */ = {
			isa = PBXFrameworksBuildPhase;
			buildActionMask = 2147483647;
			files = (
			);
			runOnlyForDeploymentPostprocessing = 0;
		};
		0FE684F7277A844400E6B83F /* Frameworks */ = {
			isa = PBXFrameworksBuildPhase;
			buildActionMask = 2147483647;
			files = (
			);
			runOnlyForDeploymentPostprocessing = 0;
		};
		0FE68501277A844400E6B83F /* Frameworks */ = {
			isa = PBXFrameworksBuildPhase;
			buildActionMask = 2147483647;
			files = (
			);
			runOnlyForDeploymentPostprocessing = 0;
		};
/* End PBXFrameworksBuildPhase section */

/* Begin PBXGroup section */
		0F08A52D27812A940078A87A /* Fonts */ = {
			isa = PBXGroup;
			children = (
				0F08A52E27812B270078A87A /* Pacifico-Regular.ttf */,
				0F08A53827812F970078A87A /* OFL.txt */,
				0F08A53627812D680078A87A /* FontManager.swift */,
			);
			path = Fonts;
			sourceTree = "<group>";
		};
		0F81036B277F9D5E000558FA /* Repositories */ = {
			isa = PBXGroup;
			children = (
				0F81036C277F9D74000558FA /* RecipeRepository.swift */,
			);
			path = Repositories;
			sourceTree = "<group>";
		};
		0FB72AE8277BD7D9001DC144 /* Services */ = {
			isa = PBXGroup;
			children = (
				0FE7B11C277F42D700BA7236 /* RecipeApiServiceImpl.swift */,
			);
			path = Services;
			sourceTree = "<group>";
		};
		0FB72AE9277BD7E3001DC144 /* Models */ = {
			isa = PBXGroup;
			children = (
				0F81036E277FAC60000558FA /* RecipeServiceResult.swift */,
			);
			path = Models;
			sourceTree = "<group>";
		};
		0FB72AEA277BD7EA001DC144 /* ViewModels */ = {
			isa = PBXGroup;
			children = (
				0FE7B114277F413200BA7236 /* RecipeViewModel.swift */,
				0FC9C56927824C2D001EA23E /* RecipeDetailViewModel.swift */,
				0F0F432E2783B0FB00E46036 /* HomeViewModel.swift */,
			);
			path = ViewModels;
			sourceTree = "<group>";
		};
		0FB72AEB277BD7F9001DC144 /* Views */ = {
			isa = PBXGroup;
			children = (
				0FE684EF277A844300E6B83F /* HomeView.swift */,
				0F0F432A2783A73F00E46036 /* TabBar.swift */,
				0FC9C565278243A1001EA23E /* RecipeDetailView.swift */,
				0F0F43262783A59300E46036 /* FavoritesView.swift */,
				0F0F43282783A5D700E46036 /* CategoriesView.swift */,
				0F0F432C2783AAA900E46036 /* MainView.swift */,
			);
			path = Views;
			sourceTree = "<group>";
		};
		0FC9C56227824042001EA23E /* Components */ = {
			isa = PBXGroup;
			children = (
				0FC9C56327824053001EA23E /* RecipeDetailButtonView.swift */,
				0F0F43302783B35600E46036 /* RecipeCard.swift */,
				0F0F43322783B9AE00E46036 /* RecipeList.swift */,
			);
			path = Components;
			sourceTree = "<group>";
		};
		0FE684E1277A844300E6B83F = {
			isa = PBXGroup;
			children = (
				0F810367277F8737000558FA /* spoonacular-Info.plist */,
				0FE684EC277A844300E6B83F /* Food */,
				0FE684FD277A844400E6B83F /* FoodTests */,
				0FE68507277A844400E6B83F /* FoodUITests */,
				0FE684EB277A844300E6B83F /* Products */,
			);
			sourceTree = "<group>";
		};
		0FE684EB277A844300E6B83F /* Products */ = {
			isa = PBXGroup;
			children = (
				0FE684EA277A844300E6B83F /* Food.app */,
				0FE684FA277A844400E6B83F /* FoodTests.xctest */,
				0FE68504277A844400E6B83F /* FoodUITests.xctest */,
			);
			name = Products;
			sourceTree = "<group>";
		};
		0FE684EC277A844300E6B83F /* Food */ = {
			isa = PBXGroup;
			children = (
				0FC9C56227824042001EA23E /* Components */,
				0F08A52D27812A940078A87A /* Fonts */,
				0F81036B277F9D5E000558FA /* Repositories */,
				0FE7B11E277F441500BA7236 /* Constants */,
				0FB72AEB277BD7F9001DC144 /* Views */,
				0FB72AEA277BD7EA001DC144 /* ViewModels */,
				0FB72AE9277BD7E3001DC144 /* Models */,
				0FB72AE8277BD7D9001DC144 /* Services */,
				0FE684ED277A844300E6B83F /* FoodApp.swift */,
				0FE684F1277A844400E6B83F /* Assets.xcassets */,
				0FE684F3277A844400E6B83F /* Preview Content */,
				0FC9C56F27825594001EA23E /* Utility.swift */,
			);
			path = Food;
			sourceTree = "<group>";
		};
		0FE684F3277A844400E6B83F /* Preview Content */ = {
			isa = PBXGroup;
			children = (
				0FE684F4277A844400E6B83F /* Preview Assets.xcassets */,
			);
			path = "Preview Content";
			sourceTree = "<group>";
		};
		0FE684FD277A844400E6B83F /* FoodTests */ = {
			isa = PBXGroup;
			children = (
				0FE684FE277A844400E6B83F /* FoodTests.swift */,
			);
			path = FoodTests;
			sourceTree = "<group>";
		};
		0FE68507277A844400E6B83F /* FoodUITests */ = {
			isa = PBXGroup;
			children = (
				0FE68508277A844400E6B83F /* FoodUITests.swift */,
				0FE6850A277A844400E6B83F /* FoodUITestsLaunchTests.swift */,
			);
			path = FoodUITests;
			sourceTree = "<group>";
		};
		0FE7B11E277F441500BA7236 /* Constants */ = {
			isa = PBXGroup;
			children = (
				0FE7B11F277F443400BA7236 /* APIConstants.swift */,
			);
			path = Constants;
			sourceTree = "<group>";
		};
/* End PBXGroup section */

/* Begin PBXNativeTarget section */
		0FE684E9277A844300E6B83F /* Food */ = {
			isa = PBXNativeTarget;
			buildConfigurationList = 0FE6850E277A844400E6B83F /* Build configuration list for PBXNativeTarget "Food" */;
			buildPhases = (
				0FE684E6277A844300E6B83F /* Sources */,
				0FE684E7277A844300E6B83F /* Frameworks */,
				0FE684E8277A844300E6B83F /* Resources */,
			);
			buildRules = (
			);
			dependencies = (
			);
			name = Food;
			productName = Food;
			productReference = 0FE684EA277A844300E6B83F /* Food.app */;
			productType = "com.apple.product-type.application";
		};
		0FE684F9277A844400E6B83F /* FoodTests */ = {
			isa = PBXNativeTarget;
			buildConfigurationList = 0FE68511277A844400E6B83F /* Build configuration list for PBXNativeTarget "FoodTests" */;
			buildPhases = (
				0FE684F6277A844400E6B83F /* Sources */,
				0FE684F7277A844400E6B83F /* Frameworks */,
				0FE684F8277A844400E6B83F /* Resources */,
			);
			buildRules = (
			);
			dependencies = (
				0FE684FC277A844400E6B83F /* PBXTargetDependency */,
			);
			name = FoodTests;
			productName = FoodTests;
			productReference = 0FE684FA277A844400E6B83F /* FoodTests.xctest */;
			productType = "com.apple.product-type.bundle.unit-test";
		};
		0FE68503277A844400E6B83F /* FoodUITests */ = {
			isa = PBXNativeTarget;
			buildConfigurationList = 0FE68514277A844400E6B83F /* Build configuration list for PBXNativeTarget "FoodUITests" */;
			buildPhases = (
				0FE68500277A844400E6B83F /* Sources */,
				0FE68501277A844400E6B83F /* Frameworks */,
				0FE68502277A844400E6B83F /* Resources */,
			);
			buildRules = (
			);
			dependencies = (
				0FE68506277A844400E6B83F /* PBXTargetDependency */,
			);
			name = FoodUITests;
			productName = FoodUITests;
			productReference = 0FE68504277A844400E6B83F /* FoodUITests.xctest */;
			productType = "com.apple.product-type.bundle.ui-testing";
		};
/* End PBXNativeTarget section */

/* Begin PBXProject section */
		0FE684E2277A844300E6B83F /* Project object */ = {
			isa = PBXProject;
			attributes = {
				BuildIndependentTargetsInParallel = 1;
				LastSwiftUpdateCheck = 1320;
				LastUpgradeCheck = 1320;
				TargetAttributes = {
					0FE684E9277A844300E6B83F = {
						CreatedOnToolsVersion = 13.2;
					};
					0FE684F9277A844400E6B83F = {
						CreatedOnToolsVersion = 13.2;
						TestTargetID = 0FE684E9277A844300E6B83F;
					};
					0FE68503277A844400E6B83F = {
						CreatedOnToolsVersion = 13.2;
						TestTargetID = 0FE684E9277A844300E6B83F;
					};
				};
			};
			buildConfigurationList = 0FE684E5277A844300E6B83F /* Build configuration list for PBXProject "Food" */;
			compatibilityVersion = "Xcode 13.0";
			developmentRegion = en;
			hasScannedForEncodings = 0;
			knownRegions = (
				en,
				Base,
			);
			mainGroup = 0FE684E1277A844300E6B83F;
			productRefGroup = 0FE684EB277A844300E6B83F /* Products */;
			projectDirPath = "";
			projectRoot = "";
			targets = (
				0FE684E9277A844300E6B83F /* Food */,
				0FE684F9277A844400E6B83F /* FoodTests */,
				0FE68503277A844400E6B83F /* FoodUITests */,
			);
		};
/* End PBXProject section */

/* Begin PBXResourcesBuildPhase section */
		0FE684E8277A844300E6B83F /* Resources */ = {
			isa = PBXResourcesBuildPhase;
			buildActionMask = 2147483647;
			files = (
				0F08A53927812F970078A87A /* OFL.txt in Resources */,
				0FE684F5277A844400E6B83F /* Preview Assets.xcassets in Resources */,
				0F08A52F27812B270078A87A /* Pacifico-Regular.ttf in Resources */,
				0F810368277F8737000558FA /* spoonacular-Info.plist in Resources */,
				0FE684F2277A844400E6B83F /* Assets.xcassets in Resources */,
			);
			runOnlyForDeploymentPostprocessing = 0;
		};
		0FE684F8277A844400E6B83F /* Resources */ = {
			isa = PBXResourcesBuildPhase;
			buildActionMask = 2147483647;
			files = (
			);
			runOnlyForDeploymentPostprocessing = 0;
		};
		0FE68502277A844400E6B83F /* Resources */ = {
			isa = PBXResourcesBuildPhase;
			buildActionMask = 2147483647;
			files = (
			);
			runOnlyForDeploymentPostprocessing = 0;
		};
/* End PBXResourcesBuildPhase section */

/* Begin PBXSourcesBuildPhase section */
		0FE684E6277A844300E6B83F /* Sources */ = {
			isa = PBXSourcesBuildPhase;
			buildActionMask = 2147483647;
			files = (
				0FE7B11D277F42D700BA7236 /* RecipeApiServiceImpl.swift in Sources */,
				0F0F432F2783B0FB00E46036 /* HomeViewModel.swift in Sources */,
				0F81036D277F9D74000558FA /* RecipeRepository.swift in Sources */,
				0FC9C566278243A1001EA23E /* RecipeDetailView.swift in Sources */,
				0F0F432B2783A73F00E46036 /* TabBar.swift in Sources */,
				0FE7B115277F413200BA7236 /* RecipeViewModel.swift in Sources */,
				0F0F43272783A59300E46036 /* FavoritesView.swift in Sources */,
				0F0F43332783B9AE00E46036 /* RecipeList.swift in Sources */,
				0FE7B120277F443400BA7236 /* APIConstants.swift in Sources */,
				0F0F43312783B35600E46036 /* RecipeCard.swift in Sources */,
				0FC9C56A27824C2D001EA23E /* RecipeDetailViewModel.swift in Sources */,
				0FC9C56427824053001EA23E /* RecipeDetailButtonView.swift in Sources */,
				0F0F43292783A5D700E46036 /* CategoriesView.swift in Sources */,
				0FC9C57027825594001EA23E /* Utility.swift in Sources */,
				0F0F432D2783AAA900E46036 /* MainView.swift in Sources */,
				0F08A53727812D680078A87A /* FontManager.swift in Sources */,
				0F81036F277FAC60000558FA /* RecipeServiceResult.swift in Sources */,
				0FE684F0277A844300E6B83F /* HomeView.swift in Sources */,
				0FE684EE277A844300E6B83F /* FoodApp.swift in Sources */,
			);
			runOnlyForDeploymentPostprocessing = 0;
		};
		0FE684F6277A844400E6B83F /* Sources */ = {
			isa = PBXSourcesBuildPhase;
			buildActionMask = 2147483647;
			files = (
				0FE684FF277A844400E6B83F /* FoodTests.swift in Sources */,
			);
			runOnlyForDeploymentPostprocessing = 0;
		};
		0FE68500277A844400E6B83F /* Sources */ = {
			isa = PBXSourcesBuildPhase;
			buildActionMask = 2147483647;
			files = (
				0FE6850B277A844400E6B83F /* FoodUITestsLaunchTests.swift in Sources */,
				0FE68509277A844400E6B83F /* FoodUITests.swift in Sources */,
			);
			runOnlyForDeploymentPostprocessing = 0;
		};
/* End PBXSourcesBuildPhase section */

/* Begin PBXTargetDependency section */
		0FE684FC277A844400E6B83F /* PBXTargetDependency */ = {
			isa = PBXTargetDependency;
			target = 0FE684E9277A844300E6B83F /* Food */;
			targetProxy = 0FE684FB277A844400E6B83F /* PBXContainerItemProxy */;
		};
		0FE68506277A844400E6B83F /* PBXTargetDependency */ = {
			isa = PBXTargetDependency;
			target = 0FE684E9277A844300E6B83F /* Food */;
			targetProxy = 0FE68505277A844400E6B83F /* PBXContainerItemProxy */;
		};
/* End PBXTargetDependency section */

/* Begin XCBuildConfiguration section */
		0FE6850C277A844400E6B83F /* Debug */ = {
			isa = XCBuildConfiguration;
			buildSettings = {
				ALWAYS_SEARCH_USER_PATHS = NO;
				CLANG_ANALYZER_NONNULL = YES;
				CLANG_ANALYZER_NUMBER_OBJECT_CONVERSION = YES_AGGRESSIVE;
				CLANG_CXX_LANGUAGE_STANDARD = "gnu++17";
				CLANG_CXX_LIBRARY = "libc++";
				CLANG_ENABLE_MODULES = YES;
				CLANG_ENABLE_OBJC_ARC = YES;
				CLANG_ENABLE_OBJC_WEAK = YES;
				CLANG_WARN_BLOCK_CAPTURE_AUTORELEASING = YES;
				CLANG_WARN_BOOL_CONVERSION = YES;
				CLANG_WARN_COMMA = YES;
				CLANG_WARN_CONSTANT_CONVERSION = YES;
				CLANG_WARN_DEPRECATED_OBJC_IMPLEMENTATIONS = YES;
				CLANG_WARN_DIRECT_OBJC_ISA_USAGE = YES_ERROR;
				CLANG_WARN_DOCUMENTATION_COMMENTS = YES;
				CLANG_WARN_EMPTY_BODY = YES;
				CLANG_WARN_ENUM_CONVERSION = YES;
				CLANG_WARN_INFINITE_RECURSION = YES;
				CLANG_WARN_INT_CONVERSION = YES;
				CLANG_WARN_NON_LITERAL_NULL_CONVERSION = YES;
				CLANG_WARN_OBJC_IMPLICIT_RETAIN_SELF = YES;
				CLANG_WARN_OBJC_LITERAL_CONVERSION = YES;
				CLANG_WARN_OBJC_ROOT_CLASS = YES_ERROR;
				CLANG_WARN_QUOTED_INCLUDE_IN_FRAMEWORK_HEADER = YES;
				CLANG_WARN_RANGE_LOOP_ANALYSIS = YES;
				CLANG_WARN_STRICT_PROTOTYPES = YES;
				CLANG_WARN_SUSPICIOUS_MOVE = YES;
				CLANG_WARN_UNGUARDED_AVAILABILITY = YES_AGGRESSIVE;
				CLANG_WARN_UNREACHABLE_CODE = YES;
				CLANG_WARN__DUPLICATE_METHOD_MATCH = YES;
				COPY_PHASE_STRIP = NO;
				DEBUG_INFORMATION_FORMAT = dwarf;
				ENABLE_STRICT_OBJC_MSGSEND = YES;
				ENABLE_TESTABILITY = YES;
				GCC_C_LANGUAGE_STANDARD = gnu11;
				GCC_DYNAMIC_NO_PIC = NO;
				GCC_NO_COMMON_BLOCKS = YES;
				GCC_OPTIMIZATION_LEVEL = 0;
				GCC_PREPROCESSOR_DEFINITIONS = (
					"DEBUG=1",
					"$(inherited)",
				);
				GCC_WARN_64_TO_32_BIT_CONVERSION = YES;
				GCC_WARN_ABOUT_RETURN_TYPE = YES_ERROR;
				GCC_WARN_UNDECLARED_SELECTOR = YES;
				GCC_WARN_UNINITIALIZED_AUTOS = YES_AGGRESSIVE;
				GCC_WARN_UNUSED_FUNCTION = YES;
				GCC_WARN_UNUSED_VARIABLE = YES;
				IPHONEOS_DEPLOYMENT_TARGET = 15.2;
				MTL_ENABLE_DEBUG_INFO = INCLUDE_SOURCE;
				MTL_FAST_MATH = YES;
				ONLY_ACTIVE_ARCH = YES;
				SDKROOT = iphoneos;
				SWIFT_ACTIVE_COMPILATION_CONDITIONS = DEBUG;
				SWIFT_OPTIMIZATION_LEVEL = "-Onone";
			};
			name = Debug;
		};
		0FE6850D277A844400E6B83F /* Release */ = {
			isa = XCBuildConfiguration;
			buildSettings = {
				ALWAYS_SEARCH_USER_PATHS = NO;
				CLANG_ANALYZER_NONNULL = YES;
				CLANG_ANALYZER_NUMBER_OBJECT_CONVERSION = YES_AGGRESSIVE;
				CLANG_CXX_LANGUAGE_STANDARD = "gnu++17";
				CLANG_CXX_LIBRARY = "libc++";
				CLANG_ENABLE_MODULES = YES;
				CLANG_ENABLE_OBJC_ARC = YES;
				CLANG_ENABLE_OBJC_WEAK = YES;
				CLANG_WARN_BLOCK_CAPTURE_AUTORELEASING = YES;
				CLANG_WARN_BOOL_CONVERSION = YES;
				CLANG_WARN_COMMA = YES;
				CLANG_WARN_CONSTANT_CONVERSION = YES;
				CLANG_WARN_DEPRECATED_OBJC_IMPLEMENTATIONS = YES;
				CLANG_WARN_DIRECT_OBJC_ISA_USAGE = YES_ERROR;
				CLANG_WARN_DOCUMENTATION_COMMENTS = YES;
				CLANG_WARN_EMPTY_BODY = YES;
				CLANG_WARN_ENUM_CONVERSION = YES;
				CLANG_WARN_INFINITE_RECURSION = YES;
				CLANG_WARN_INT_CONVERSION = YES;
				CLANG_WARN_NON_LITERAL_NULL_CONVERSION = YES;
				CLANG_WARN_OBJC_IMPLICIT_RETAIN_SELF = YES;
				CLANG_WARN_OBJC_LITERAL_CONVERSION = YES;
				CLANG_WARN_OBJC_ROOT_CLASS = YES_ERROR;
				CLANG_WARN_QUOTED_INCLUDE_IN_FRAMEWORK_HEADER = YES;
				CLANG_WARN_RANGE_LOOP_ANALYSIS = YES;
				CLANG_WARN_STRICT_PROTOTYPES = YES;
				CLANG_WARN_SUSPICIOUS_MOVE = YES;
				CLANG_WARN_UNGUARDED_AVAILABILITY = YES_AGGRESSIVE;
				CLANG_WARN_UNREACHABLE_CODE = YES;
				CLANG_WARN__DUPLICATE_METHOD_MATCH = YES;
				COPY_PHASE_STRIP = NO;
				DEBUG_INFORMATION_FORMAT = "dwarf-with-dsym";
				ENABLE_NS_ASSERTIONS = NO;
				ENABLE_STRICT_OBJC_MSGSEND = YES;
				GCC_C_LANGUAGE_STANDARD = gnu11;
				GCC_NO_COMMON_BLOCKS = YES;
				GCC_WARN_64_TO_32_BIT_CONVERSION = YES;
				GCC_WARN_ABOUT_RETURN_TYPE = YES_ERROR;
				GCC_WARN_UNDECLARED_SELECTOR = YES;
				GCC_WARN_UNINITIALIZED_AUTOS = YES_AGGRESSIVE;
				GCC_WARN_UNUSED_FUNCTION = YES;
				GCC_WARN_UNUSED_VARIABLE = YES;
				IPHONEOS_DEPLOYMENT_TARGET = 15.2;
				MTL_ENABLE_DEBUG_INFO = NO;
				MTL_FAST_MATH = YES;
				SDKROOT = iphoneos;
				SWIFT_COMPILATION_MODE = wholemodule;
				SWIFT_OPTIMIZATION_LEVEL = "-O";
				VALIDATE_PRODUCT = YES;
			};
			name = Release;
		};
		0FE6850F277A844400E6B83F /* Debug */ = {
			isa = XCBuildConfiguration;
			buildSettings = {
				ASSETCATALOG_COMPILER_APPICON_NAME = AppIcon;
				ASSETCATALOG_COMPILER_GLOBAL_ACCENT_COLOR_NAME = AccentColor;
				CODE_SIGN_STYLE = Automatic;
				CURRENT_PROJECT_VERSION = 1;
				DEVELOPMENT_ASSET_PATHS = "\"Food/Preview Content\"";
				DEVELOPMENT_TEAM = Q78J3YXANK;
				ENABLE_PREVIEWS = YES;
				GENERATE_INFOPLIST_FILE = YES;
				INFOPLIST_KEY_UIApplicationSceneManifest_Generation = YES;
				INFOPLIST_KEY_UIApplicationSupportsIndirectInputEvents = YES;
				INFOPLIST_KEY_UILaunchScreen_Generation = YES;
				INFOPLIST_KEY_UISupportedInterfaceOrientations_iPad = "UIInterfaceOrientationPortrait UIInterfaceOrientationPortraitUpsideDown UIInterfaceOrientationLandscapeLeft UIInterfaceOrientationLandscapeRight";
				INFOPLIST_KEY_UISupportedInterfaceOrientations_iPhone = "UIInterfaceOrientationPortrait UIInterfaceOrientationLandscapeLeft UIInterfaceOrientationLandscapeRight";
				LD_RUNPATH_SEARCH_PATHS = (
					"$(inherited)",
					"@executable_path/Frameworks",
				);
				MARKETING_VERSION = 1.0;
				PRODUCT_BUNDLE_IDENTIFIER = edu.hogent.Food;
				PRODUCT_NAME = "$(TARGET_NAME)";
				SWIFT_EMIT_LOC_STRINGS = YES;
				SWIFT_VERSION = 5.0;
				TARGETED_DEVICE_FAMILY = "1,2";
			};
			name = Debug;
		};
		0FE68510277A844400E6B83F /* Release */ = {
			isa = XCBuildConfiguration;
			buildSettings = {
				ASSETCATALOG_COMPILER_APPICON_NAME = AppIcon;
				ASSETCATALOG_COMPILER_GLOBAL_ACCENT_COLOR_NAME = AccentColor;
				CODE_SIGN_STYLE = Automatic;
				CURRENT_PROJECT_VERSION = 1;
				DEVELOPMENT_ASSET_PATHS = "\"Food/Preview Content\"";
				DEVELOPMENT_TEAM = Q78J3YXANK;
				ENABLE_PREVIEWS = YES;
				GENERATE_INFOPLIST_FILE = YES;
				INFOPLIST_KEY_UIApplicationSceneManifest_Generation = YES;
				INFOPLIST_KEY_UIApplicationSupportsIndirectInputEvents = YES;
				INFOPLIST_KEY_UILaunchScreen_Generation = YES;
				INFOPLIST_KEY_UISupportedInterfaceOrientations_iPad = "UIInterfaceOrientationPortrait UIInterfaceOrientationPortraitUpsideDown UIInterfaceOrientationLandscapeLeft UIInterfaceOrientationLandscapeRight";
				INFOPLIST_KEY_UISupportedInterfaceOrientations_iPhone = "UIInterfaceOrientationPortrait UIInterfaceOrientationLandscapeLeft UIInterfaceOrientationLandscapeRight";
				LD_RUNPATH_SEARCH_PATHS = (
					"$(inherited)",
					"@executable_path/Frameworks",
				);
				MARKETING_VERSION = 1.0;
				PRODUCT_BUNDLE_IDENTIFIER = edu.hogent.Food;
				PRODUCT_NAME = "$(TARGET_NAME)";
				SWIFT_EMIT_LOC_STRINGS = YES;
				SWIFT_VERSION = 5.0;
				TARGETED_DEVICE_FAMILY = "1,2";
			};
			name = Release;
		};
		0FE68512277A844400E6B83F /* Debug */ = {
			isa = XCBuildConfiguration;
			buildSettings = {
				ALWAYS_EMBED_SWIFT_STANDARD_LIBRARIES = YES;
				BUNDLE_LOADER = "$(TEST_HOST)";
				CODE_SIGN_STYLE = Automatic;
				CURRENT_PROJECT_VERSION = 1;
				DEVELOPMENT_TEAM = Q78J3YXANK;
				GENERATE_INFOPLIST_FILE = YES;
				IPHONEOS_DEPLOYMENT_TARGET = 15.2;
				MARKETING_VERSION = 1.0;
				PRODUCT_BUNDLE_IDENTIFIER = edu.hogent.FoodTests;
				PRODUCT_NAME = "$(TARGET_NAME)";
				SWIFT_EMIT_LOC_STRINGS = NO;
				SWIFT_VERSION = 5.0;
				TARGETED_DEVICE_FAMILY = "1,2";
				TEST_HOST = "$(BUILT_PRODUCTS_DIR)/Food.app/Food";
			};
			name = Debug;
		};
		0FE68513277A844400E6B83F /* Release */ = {
			isa = XCBuildConfiguration;
			buildSettings = {
				ALWAYS_EMBED_SWIFT_STANDARD_LIBRARIES = YES;
				BUNDLE_LOADER = "$(TEST_HOST)";
				CODE_SIGN_STYLE = Automatic;
				CURRENT_PROJECT_VERSION = 1;
				DEVELOPMENT_TEAM = Q78J3YXANK;
				GENERATE_INFOPLIST_FILE = YES;
				IPHONEOS_DEPLOYMENT_TARGET = 15.2;
				MARKETING_VERSION = 1.0;
				PRODUCT_BUNDLE_IDENTIFIER = edu.hogent.FoodTests;
				PRODUCT_NAME = "$(TARGET_NAME)";
				SWIFT_EMIT_LOC_STRINGS = NO;
				SWIFT_VERSION = 5.0;
				TARGETED_DEVICE_FAMILY = "1,2";
				TEST_HOST = "$(BUILT_PRODUCTS_DIR)/Food.app/Food";
			};
			name = Release;
		};
		0FE68515277A844400E6B83F /* Debug */ = {
			isa = XCBuildConfiguration;
			buildSettings = {
				ALWAYS_EMBED_SWIFT_STANDARD_LIBRARIES = YES;
				CODE_SIGN_STYLE = Automatic;
				CURRENT_PROJECT_VERSION = 1;
				DEVELOPMENT_TEAM = Q78J3YXANK;
				GENERATE_INFOPLIST_FILE = YES;
				MARKETING_VERSION = 1.0;
				PRODUCT_BUNDLE_IDENTIFIER = edu.hogent.FoodUITests;
				PRODUCT_NAME = "$(TARGET_NAME)";
				SWIFT_EMIT_LOC_STRINGS = NO;
				SWIFT_VERSION = 5.0;
				TARGETED_DEVICE_FAMILY = "1,2";
				TEST_TARGET_NAME = Food;
			};
			name = Debug;
		};
		0FE68516277A844400E6B83F /* Release */ = {
			isa = XCBuildConfiguration;
			buildSettings = {
				ALWAYS_EMBED_SWIFT_STANDARD_LIBRARIES = YES;
				CODE_SIGN_STYLE = Automatic;
				CURRENT_PROJECT_VERSION = 1;
				DEVELOPMENT_TEAM = Q78J3YXANK;
				GENERATE_INFOPLIST_FILE = YES;
				MARKETING_VERSION = 1.0;
				PRODUCT_BUNDLE_IDENTIFIER = edu.hogent.FoodUITests;
				PRODUCT_NAME = "$(TARGET_NAME)";
				SWIFT_EMIT_LOC_STRINGS = NO;
				SWIFT_VERSION = 5.0;
				TARGETED_DEVICE_FAMILY = "1,2";
				TEST_TARGET_NAME = Food;
			};
			name = Release;
		};
/* End XCBuildConfiguration section */

/* Begin XCConfigurationList section */
		0FE684E5277A844300E6B83F /* Build configuration list for PBXProject "Food" */ = {
			isa = XCConfigurationList;
			buildConfigurations = (
				0FE6850C277A844400E6B83F /* Debug */,
				0FE6850D277A844400E6B83F /* Release */,
			);
			defaultConfigurationIsVisible = 0;
			defaultConfigurationName = Release;
		};
		0FE6850E277A844400E6B83F /* Build configuration list for PBXNativeTarget "Food" */ = {
			isa = XCConfigurationList;
			buildConfigurations = (
				0FE6850F277A844400E6B83F /* Debug */,
				0FE68510277A844400E6B83F /* Release */,
			);
			defaultConfigurationIsVisible = 0;
			defaultConfigurationName = Release;
		};
		0FE68511277A844400E6B83F /* Build configuration list for PBXNativeTarget "FoodTests" */ = {
			isa = XCConfigurationList;
			buildConfigurations = (
				0FE68512277A844400E6B83F /* Debug */,
				0FE68513277A844400E6B83F /* Release */,
			);
			defaultConfigurationIsVisible = 0;
			defaultConfigurationName = Release;
		};
		0FE68514277A844400E6B83F /* Build configuration list for PBXNativeTarget "FoodUITests" */ = {
			isa = XCConfigurationList;
			buildConfigurations = (
				0FE68515277A844400E6B83F /* Debug */,
				0FE68516277A844400E6B83F /* Release */,
			);
			defaultConfigurationIsVisible = 0;
			defaultConfigurationName = Release;
		};
/* End XCConfigurationList section */
	};
	rootObject = 0FE684E2277A844300E6B83F /* Project object */;
}
